<?xml version="1.0" encoding="utf-8"?>
<Project ToolsVersion="4.0" xmlns="http://schemas.microsoft.com/developer/msbuild/2003">
  <ItemGroup>
    <Filter Include="Source Files">
      <UniqueIdentifier>{4FC737F1-C7A5-4376-A066-2A32D752A2FF}</UniqueIdentifier>
      <Extensions>cpp;c;cc;cxx;c++;cppm;ixx;def;odl;idl;hpj;bat;asm;asmx</Extensions>
    </Filter>
    <Filter Include="Header Files">
      <UniqueIdentifier>{93995380-89BD-4b04-88EB-625FBE52EBFB}</UniqueIdentifier>
      <Extensions>h;hh;hpp;hxx;h++;hm;inl;inc;ipp;xsd</Extensions>
    </Filter>
    <Filter Include="Resource Files">
      <UniqueIdentifier>{67DA6AB6-F800-4c08-8B7A-83BB121AAD01}</UniqueIdentifier>
      <Extensions>rc;ico;cur;bmp;dlg;rc2;rct;bin;rgs;gif;jpg;jpeg;jpe;resx;tiff;tif;png;wav;mfcribbon-ms</Extensions>
    </Filter>
  </ItemGroup>
  <ItemGroup>
    <ClCompile Include="2810.cpp">
      <Filter>Source Files</Filter>
    </ClCompile>
    <ClCompile Include="BAC2021_Antrenament12.cpp">
      <Filter>Source Files</Filter>
    </ClCompile>
    <ClCompile Include="BAC2021_Antrenament11.cpp">
      <Filter>Source Files</Filter>
    </ClCompile>
    <ClCompile Include="BAC2021_Antrenament10.cpp">
      <Filter>Source Files</Filter>
    </ClCompile>
    <ClCompile Include="BAC2021_Antrenament09.cpp">
      <Filter>Source Files</Filter>
    </ClCompile>
    <ClCompile Include="BAC2021_Antrenament08.cpp">
      <Filter>Source Files</Filter>
    </ClCompile>
    <ClCompile Include="BAC2021_Antrenament07.cpp">
      <Filter>Source Files</Filter>
    </ClCompile>
    <ClCompile Include="BAC2021_Antrenament06.cpp">
      <Filter>Source Files</Filter>
    </ClCompile>
    <ClCompile Include="BAC2021_Antrenament05.cpp">
      <Filter>Source Files</Filter>
    </ClCompile>
    <ClCompile Include="BAC2021_Antrenament04.cpp">
      <Filter>Source Files</Filter>
    </ClCompile>
    <ClCompile Include="BAC2021_Antrenament03.cpp">
      <Filter>Source Files</Filter>
    </ClCompile>
    <ClCompile Include="BAC2021_Antrenament02.cpp">
      <Filter>Source Files</Filter>
    </ClCompile>
    <ClCompile Include="BAC2021_Antrenament01.cpp">
      <Filter>Source Files</Filter>
    </ClCompile>
    <ClCompile Include="AF_CifraMin.cpp">
      <Filter>Source Files</Filter>
    </ClCompile>
    <ClCompile Include="AF_SumCifre.cpp">
      <Filter>Source Files</Filter>
    </ClCompile>
    <ClCompile Include="AF_NumCifre.cpp">
      <Filter>Source Files</Filter>
    </ClCompile>
    <ClCompile Include="AF_CifraControl.cpp">
      <Filter>Source Files</Filter>
    </ClCompile>
    <ClCompile Include="AF_Oglindit.cpp">
      <Filter>Source Files</Filter>
    </ClCompile>
    <ClCompile Include="AF_SumDiv.cpp">
      <Filter>Source Files</Filter>
    </ClCompile>
    <ClCompile Include="Source.cpp">
      <Filter>Source Files</Filter>
    </ClCompile>
    <ClCompile Include="CI_20_10_2021.cpp">
      <Filter>Source Files</Filter>
    </ClCompile>
    <ClCompile Include="temaRecursivitate3112021.cpp">
      <Filter>Source Files</Filter>
    </ClCompile>
    <ClCompile Include="3112021.cpp">
      <Filter>Source Files</Filter>
    </ClCompile>
    <ClCompile Include="temaaRec16112021.cpp">
      <Filter>Source Files</Filter>
    </ClCompile>
    <ClCompile Include="divideEtImpera.cpp">
      <Filter>Source Files</Filter>
    </ClCompile>
    <ClCompile Include="testTudor1.cpp">
      <Filter>Source Files</Filter>
    </ClCompile>
    <ClCompile Include="BAC2011MI0.cpp">
      <Filter>Source Files</Filter>
    </ClCompile>
    <ClCompile Include="BAC2011MI1.cpp">
      <Filter>Source Files</Filter>
    </ClCompile>
    <ClCompile Include="BAC2018MI0.cpp">
      <Filter>Source Files</Filter>
    </ClCompile>
    <ClCompile Include="hanoi.cpp">
      <Filter>Source Files</Filter>
    </ClCompile>
    <ClCompile Include="TudorTeza.cpp">
      <Filter>Source Files</Filter>
    </ClCompile>
    <ClCompile Include="TezaViteazu0.cpp">
      <Filter>Source Files</Filter>
    </ClCompile>
    <ClCompile Include="030120221.cpp">
      <Filter>Source Files</Filter>
    </ClCompile>
    <ClCompile Include="Sir2021Test7.cpp">
      <Filter>Source Files</Filter>
    </ClCompile>
    <ClCompile Include="steag02232022.cpp">
      <Filter>Source Files</Filter>
    </ClCompile>
    <ClCompile Include="harta.cpp">
      <Filter>Source Files</Filter>
    </ClCompile>
  </ItemGroup>
  <ItemGroup>
    <None Include="poezie.in">
      <Filter>Source Files</Filter>
    </None>
  </ItemGroup>
</Project>